
Microsoft Visual Studio Solution File, Format Version 12.00
# Visual Studio Version 17
VisualStudioVersion = 17.11.35312.102
MinimumVisualStudioVersion = 10.0.40219.1
Project("{F184B08F-C81C-45F6-A57F-5ABD9991F28F}") = "DI_ProyectoFinal_JiangyuLiu", "DI_ProyectoFinal_JiangyuLiu\DI_ProyectoFinal_JiangyuLiu.vbproj", "{B773B74D-8ADB-45F9-82BC-026B49A80E49}"
EndProject
Global
	GlobalSection(SolutionConfigurationPlatforms) = preSolution
		Debug|Any CPU = Debug|Any CPU
		Release|Any CPU = Release|Any CPU
	EndGlobalSection
	GlobalSection(ProjectConfigurationPlatforms) = postSolution
		{B773B74D-8ADB-45F9-82BC-026B49A80E49}.Debug|Any CPU.ActiveCfg = Debug|Any CPU
		{B773B74D-8ADB-45F9-82BC-026B49A80E49}.Debug|Any CPU.Build.0 = Debug|Any CPU
		{B773B74D-8ADB-45F9-82BC-026B49A80E49}.Release|Any CPU.ActiveCfg = Release|Any CPU
		{B773B74D-8ADB-45F9-82BC-026B49A80E49}.Release|Any CPU.Build.0 = Release|Any CPU
	EndGlobalSection
	GlobalSection(SolutionProperties) = preSolution
		HideSolutionNode = FALSE
	EndGlobalSection
	GlobalSection(ExtensibilityGlobals) = postSolution
		SolutionGuid = {F3FFBF34-273E-49FE-9E36-93103117E07A}
	EndGlobalSection
EndGlobal
